
Microsoft Visual Studio Solution File, Format Version 12.00
# Visual Studio Version 16
VisualStudioVersion = 16.0.28729.10
MinimumVisualStudioVersion = 10.0.40219.1
Project("{FAE04EC0-301F-11D3-BF4B-00C04F79EFBC}") = "Example 22-5", "Example 22-5\Example 22-5.csproj", "{1C51E1D8-6FE7-4144-9724-30E7F13A7F1E}"
EndProject
Global
	GlobalSection(SolutionConfigurationPlatforms) = preSolution
		Debug|Any CPU = Debug|Any CPU
		Release|Any CPU = Release|Any CPU
	EndGlobalSection
	GlobalSection(ProjectConfigurationPlatforms) = postSolution
		{1C51E1D8-6FE7-4144-9724-30E7F13A7F1E}.Debug|Any CPU.ActiveCfg = Debug|Any CPU
		{1C51E1D8-6FE7-4144-9724-30E7F13A7F1E}.Debug|Any CPU.Build.0 = Debug|Any CPU
		{1C51E1D8-6FE7-4144-9724-30E7F13A7F1E}.Release|Any CPU.ActiveCfg = Release|Any CPU
		{1C51E1D8-6FE7-4144-9724-30E7F13A7F1E}.Release|Any CPU.Build.0 = Release|Any CPU
	EndGlobalSection
	GlobalSection(SolutionProperties) = preSolution
		HideSolutionNode = FALSE
	EndGlobalSection
	GlobalSection(ExtensibilityGlobals) = postSolution
		SolutionGuid = {7F3EC066-5D1B-46D6-A9FE-37E725E3B276}
	EndGlobalSection
EndGlobal
